{
  "name": "mini-vue",
  "version": "1.0.0",
  "lockfileVersion": 2,
  "requires": true,
  "packages": {
    "": {
      "name": "mini-vue",
      "version": "1.0.0",
      "license": "ISC",
      "dependencies": {
        "@vue/reactivity": "^3.3.8"
      }
    },
    "node_modules/@vue/reactivity": {
      "version": "3.3.8",
      "resolved": "https://registry.npmmirror.com/@vue/reactivity/-/reactivity-3.3.8.tgz",
      "integrity": "sha512-ctLWitmFBu6mtddPyOKpHg8+5ahouoTCRtmAHZAXmolDtuZXfjL2T3OJ6DL6ezBPQB1SmMnpzjiWjCiMYmpIuw==",
      "dependencies": {
        "@vue/shared": "3.3.8"
      }
    },
    "node_modules/@vue/shared": {
      "version": "3.3.8",
      "resolved": "https://registry.npmmirror.com/@vue/shared/-/shared-3.3.8.tgz",
      "integrity": "sha512-8PGwybFwM4x8pcfgqEQFy70NaQxASvOC5DJwLQfpArw1UDfUXrJkdxD3BhVTMS+0Lef/TU7YO0Jvr0jJY8T+mw=="
    }
  },
  "dependencies": {
    "@vue/reactivity": {
      "version": "3.3.8",
      "resolved": "https://registry.npmmirror.com/@vue/reactivity/-/reactivity-3.3.8.tgz",
      "integrity": "sha512-ctLWitmFBu6mtddPyOKpHg8+5ahouoTCRtmAHZAXmolDtuZXfjL2T3OJ6DL6ezBPQB1SmMnpzjiWjCiMYmpIuw==",
      "requires": {
        "@vue/shared": "3.3.8"
      }
    },
    "@vue/shared": {
      "version": "3.3.8",
      "resolved": "https://registry.npmmirror.com/@vue/shared/-/shared-3.3.8.tgz",
      "integrity": "sha512-8PGwybFwM4x8pcfgqEQFy70NaQxASvOC5DJwLQfpArw1UDfUXrJkdxD3BhVTMS+0Lef/TU7YO0Jvr0jJY8T+mw=="
    }
  }
}
